{
  "lockfileVersion": 1,
  "configVersion": 1,
  "workspaces": {
    "": {
      "name": "bertui-app",
      "dependencies": {
        "bertui-animate": "^1.0.0",
        "bertui-icons": "^1.0.1",
        "react": "^18.3.1",
        "react-dom": "^18.3.1",
      },
      "devDependencies": {
        "bertui": "1.1.5",
      },
    },
  },
  "packages": {
    "@borewit/text-codec": ["@borewit/text-codec@0.1.1", "", {}, "sha512-5L/uBxmjaCIX5h8Z+uu+kA9BQLkc/Wl06UGR5ajNRxu+/XjonB5i8JpgFMrPj3LXTCPA0pv8yxUvbUi+QthGGA=="],

    "@oven/bun-darwin-aarch64": ["@oven/bun-darwin-aarch64@1.3.5", "", { "os": "darwin", "cpu": "arm64" }, "sha512-8GvNtMo0NINM7Emk9cNAviCG3teEgr3BUX9be0+GD029zIagx2Sf54jMui1Eu1IpFm7nWHODuLEefGOQNaJ0gQ=="],

    "@oven/bun-darwin-x64": ["@oven/bun-darwin-x64@1.3.5", "", { "os": "darwin", "cpu": "x64" }, "sha512-r33eHQOHAwkuiBJIwmkXIyqONQOQMnd1GMTpDzaxx9vf9+svby80LZO9Hcm1ns6KT/TBRFyODC/0loA7FAaffg=="],

    "@oven/bun-darwin-x64-baseline": ["@oven/bun-darwin-x64-baseline@1.3.5", "", { "os": "darwin", "cpu": "x64" }, "sha512-p5q3rJk48qhLuLBOFehVc+kqCE03YrswTc6NCxbwsxiwfySXwcAvpF2KWKF/ZZObvvR8hCCvqe1F81b2p5r2dg=="],

    "@oven/bun-linux-aarch64": ["@oven/bun-linux-aarch64@1.3.5", "", { "os": "linux", "cpu": "arm64" }, "sha512-zkcHPI23QxJ1TdqafhgkXt1NOEN8o5C460sVeNnrhfJ43LwZgtfcvcQE39x/pBedu67fatY8CU0iY00nOh46ZQ=="],

    "@oven/bun-linux-aarch64-musl": ["@oven/bun-linux-aarch64-musl@1.3.5", "", { "os": "linux", "cpu": "arm64" }, "sha512-HKBeUlJdNduRkzJKZ5DXM+pPqntfC50/Hu2X65jVX0Y7hu/6IC8RaUTqpr8FtCZqqmc9wDK0OTL+Mbi9UQIKYQ=="],

    "@oven/bun-linux-x64": ["@oven/bun-linux-x64@1.3.5", "", { "os": "linux", "cpu": "x64" }, "sha512-n7zhKTSDZS0yOYg5Rq8easZu5Y/o47sv0c7yGr2ciFdcie9uYV55fZ7QMqhWMGK33ezCSikh5EDkUMCIvfWpjA=="],

    "@oven/bun-linux-x64-baseline": ["@oven/bun-linux-x64-baseline@1.3.5", "", { "os": "linux", "cpu": "x64" }, "sha512-FeCQyBU62DMuB0nn01vPnf3McXrKOsrK9p7sHaBFYycw0mmoU8kCq/WkBkGMnLuvQljJSyen8QBTx+fXdNupWg=="],

    "@oven/bun-linux-x64-musl": ["@oven/bun-linux-x64-musl@1.3.5", "", { "os": "linux", "cpu": "x64" }, "sha512-XkCCHkByYn8BIDvoxnny898znju4xnW2kvFE8FT5+0Y62cWdcBGMZ9RdsEUTeRz16k8hHtJpaSfLcEmNTFIwRQ=="],

    "@oven/bun-linux-x64-musl-baseline": ["@oven/bun-linux-x64-musl-baseline@1.3.5", "", { "os": "linux", "cpu": "x64" }, "sha512-TJiYC7KCr0XxFTsxgwQOeE7dncrEL/RSyL0EzSL3xRkrxJMWBCvCSjQn7LV1i6T7hFst0+3KoN3VWvD5BinqHA=="],

    "@oven/bun-windows-x64": ["@oven/bun-windows-x64@1.3.5", "", { "os": "win32", "cpu": "x64" }, "sha512-T3xkODItb/0ftQPFsZDc7EAX2D6A4TEazQ2YZyofZToO8Q7y8YT8ooWdhd0BQiTCd66uEvgE1DCZetynwg2IoA=="],

    "@oven/bun-windows-x64-baseline": ["@oven/bun-windows-x64-baseline@1.3.5", "", { "os": "win32", "cpu": "x64" }, "sha512-rtVQB9/1XK8FWJgFtsOthbPifRMYypgJwxu+pK3NHx8WvFKmq7HcPDqNr8xLzGULjQEO7eAo2aOZfONOwYz+5g=="],

    "@sinclair/typebox": ["@sinclair/typebox@0.34.41", "", {}, "sha512-6gS8pZzSXdyRHTIqoqSVknxolr1kzfy4/CeDnrzsVz8TTIWUbOBr6gnzOmTYJ3eXQNh4IYHIGi5aIL7sOZ2G/g=="],

    "@tokenizer/inflate": ["@tokenizer/inflate@0.4.1", "", { "dependencies": { "debug": "^4.4.3", "token-types": "^6.1.1" } }, "sha512-2mAv+8pkG6GIZiF1kNg1jAjh27IDxEPKwdGul3snfztFerfPGI1LjDezZp3i7BElXompqEtPmoPx6c2wgtWsOA=="],

    "@tokenizer/token": ["@tokenizer/token@0.3.0", "", {}, "sha512-OvjF+z51L3ov0OyAU0duzsYuvO01PH7x4t6DJx+guahgTnBHkhJdG7soQeTSFLWN3efnHyibZ4Z8l2EuWwJN3A=="],

    "bertui": ["bertui@1.1.5", "", { "dependencies": { "elysia": "^1.0.0", "ernest-logger": "^2.0.0", "lightningcss": "^1.30.2" }, "peerDependencies": { "bun": ">=1.0.0", "react": "^18.0.0 || ^19.0.0", "react-dom": "^19.2.3" }, "bin": { "bertui": "bin/bertui.js" } }, "sha512-NyNkd3ebrS+kMfVzdC24nGrncg9wB7NXDq7m65LLFkMzHm8OXXszOOMegkBEszS1NXIoArVfnRtmGb8JUJ8IHw=="],

    "bertui-animate": ["bertui-animate@1.0.0", "", {}, "sha512-VUSoLOqrM3uByN6c7nOXt72Q3+9Z+5xc73RMR4fW27mMEdsNL1TJjnXuHVGVbawtYCGQtc69YkrI07BgAC9wiw=="],

    "bertui-icons": ["bertui-icons@1.0.1", "", { "dependencies": { "react": ">=16.8.0" } }, "sha512-HzdYfacNuo2ChdqDYsr8fvSerfFf0xOuUCO5QNhfPOmUL9GtDhTvn/9QlsTHEp7dD6WKipm/grkFjW+e1K+MUA=="],

    "bun": ["bun@1.3.5", "", { "optionalDependencies": { "@oven/bun-darwin-aarch64": "1.3.5", "@oven/bun-darwin-x64": "1.3.5", "@oven/bun-darwin-x64-baseline": "1.3.5", "@oven/bun-linux-aarch64": "1.3.5", "@oven/bun-linux-aarch64-musl": "1.3.5", "@oven/bun-linux-x64": "1.3.5", "@oven/bun-linux-x64-baseline": "1.3.5", "@oven/bun-linux-x64-musl": "1.3.5", "@oven/bun-linux-x64-musl-baseline": "1.3.5", "@oven/bun-windows-x64": "1.3.5", "@oven/bun-windows-x64-baseline": "1.3.5" }, "os": [ "linux", "win32", "darwin", ], "cpu": [ "x64", "arm64", ], "bin": { "bun": "bin/bun.exe", "bunx": "bin/bunx.exe" } }, "sha512-c1YHIGUfgvYPJmLug5QiLzNWlX2Dg7X/67JWu1Va+AmMXNXzC/KQn2lgQ7rD+n1u1UqDpJMowVGGxTNpbPydNw=="],

    "cookie": ["cookie@1.1.1", "", {}, "sha512-ei8Aos7ja0weRpFzJnEA9UHJ/7XQmqglbRwnf2ATjcB9Wq874VKH9kfjjirM6UhU2/E5fFYadylyhFldcqSidQ=="],

    "debug": ["debug@4.4.3", "", { "dependencies": { "ms": "^2.1.3" } }, "sha512-RGwwWnwQvkVfavKVt22FGLw+xYSdzARwm0ru6DhTVA3umU5hZc28V3kO4stgYryrTlLpuvgI9GiijltAjNbcqA=="],

    "detect-libc": ["detect-libc@2.1.2", "", {}, "sha512-Btj2BOOO83o3WyH59e8MgXsxEQVcarkUOpEYrubB0urwnN10yQ364rsiByU11nZlqWYZm05i/of7io4mzihBtQ=="],

    "elysia": ["elysia@1.4.19", "", { "dependencies": { "cookie": "^1.1.1", "exact-mirror": "0.2.5", "fast-decode-uri-component": "^1.0.1", "memoirist": "^0.4.0" }, "peerDependencies": { "@sinclair/typebox": ">= 0.34.0 < 1", "@types/bun": ">= 1.2.0", "file-type": ">= 20.0.0", "openapi-types": ">= 12.0.0", "typescript": ">= 5.0.0" }, "optionalPeers": ["@types/bun", "typescript"] }, "sha512-DZb9y8FnWyX5IuqY44SvqAV0DjJ15NeCWHrLdgXrKgTPDPsl3VNwWHqrEr9bmnOCpg1vh6QUvAX/tcxNj88jLA=="],

    "ernest-logger": ["ernest-logger@2.0.4", "", {}, "sha512-q1xVJ8RkzMETTjYEj6IzgJDNjLGm5+PPwI/4/EKA5JPMG2OuUFpEu8OK0bUtPOny4VA44Q2Cej2VnrCWaWsVnw=="],

    "exact-mirror": ["exact-mirror@0.2.5", "", { "peerDependencies": { "@sinclair/typebox": "^0.34.15" }, "optionalPeers": ["@sinclair/typebox"] }, "sha512-u8Wu2lO8nio5lKSJubOydsdNtQmH8ENba5m0nbQYmTvsjksXKYIS1nSShdDlO8Uem+kbo+N6eD5I03cpZ+QsRQ=="],

    "fast-decode-uri-component": ["fast-decode-uri-component@1.0.1", "", {}, "sha512-WKgKWg5eUxvRZGwW8FvfbaH7AXSh2cL+3j5fMGzUMCxWBJ3dV3a7Wz8y2f/uQ0e3B6WmodD3oS54jTQ9HVTIIg=="],

    "file-type": ["file-type@21.1.1", "", { "dependencies": { "@tokenizer/inflate": "^0.4.1", "strtok3": "^10.3.4", "token-types": "^6.1.1", "uint8array-extras": "^1.4.0" } }, "sha512-ifJXo8zUqbQ/bLbl9sFoqHNTNWbnPY1COImFfM6CCy7z+E+jC1eY9YfOKkx0fckIg+VljAy2/87T61fp0+eEkg=="],

    "ieee754": ["ieee754@1.2.1", "", {}, "sha512-dcyqhDvX1C46lXZcVqCpK+FtMRQVdIMN6/Df5js2zouUsqG7I6sFxitIC+7KYK29KdXOLHdu9zL4sFnoVQnqaA=="],

    "js-tokens": ["js-tokens@4.0.0", "", {}, "sha512-RdJUflcE3cUzKiMqQgsCu06FPu9UdIJO0beYbPhHN4k6apgJtifcoCtT9bcxOpYBtpD2kCM6Sbzg4CausW/PKQ=="],

    "lightningcss": ["lightningcss@1.30.2", "", { "dependencies": { "detect-libc": "^2.0.3" }, "optionalDependencies": { "lightningcss-android-arm64": "1.30.2", "lightningcss-darwin-arm64": "1.30.2", "lightningcss-darwin-x64": "1.30.2", "lightningcss-freebsd-x64": "1.30.2", "lightningcss-linux-arm-gnueabihf": "1.30.2", "lightningcss-linux-arm64-gnu": "1.30.2", "lightningcss-linux-arm64-musl": "1.30.2", "lightningcss-linux-x64-gnu": "1.30.2", "lightningcss-linux-x64-musl": "1.30.2", "lightningcss-win32-arm64-msvc": "1.30.2", "lightningcss-win32-x64-msvc": "1.30.2" } }, "sha512-utfs7Pr5uJyyvDETitgsaqSyjCb2qNRAtuqUeWIAKztsOYdcACf2KtARYXg2pSvhkt+9NfoaNY7fxjl6nuMjIQ=="],

    "lightningcss-android-arm64": ["lightningcss-android-arm64@1.30.2", "", { "os": "android", "cpu": "arm64" }, "sha512-BH9sEdOCahSgmkVhBLeU7Hc9DWeZ1Eb6wNS6Da8igvUwAe0sqROHddIlvU06q3WyXVEOYDZ6ykBZQnjTbmo4+A=="],

    "lightningcss-darwin-arm64": ["lightningcss-darwin-arm64@1.30.2", "", { "os": "darwin", "cpu": "arm64" }, "sha512-ylTcDJBN3Hp21TdhRT5zBOIi73P6/W0qwvlFEk22fkdXchtNTOU4Qc37SkzV+EKYxLouZ6M4LG9NfZ1qkhhBWA=="],

    "lightningcss-darwin-x64": ["lightningcss-darwin-x64@1.30.2", "", { "os": "darwin", "cpu": "x64" }, "sha512-oBZgKchomuDYxr7ilwLcyms6BCyLn0z8J0+ZZmfpjwg9fRVZIR5/GMXd7r9RH94iDhld3UmSjBM6nXWM2TfZTQ=="],

    "lightningcss-freebsd-x64": ["lightningcss-freebsd-x64@1.30.2", "", { "os": "freebsd", "cpu": "x64" }, "sha512-c2bH6xTrf4BDpK8MoGG4Bd6zAMZDAXS569UxCAGcA7IKbHNMlhGQ89eRmvpIUGfKWNVdbhSbkQaWhEoMGmGslA=="],

    "lightningcss-linux-arm-gnueabihf": ["lightningcss-linux-arm-gnueabihf@1.30.2", "", { "os": "linux", "cpu": "arm" }, "sha512-eVdpxh4wYcm0PofJIZVuYuLiqBIakQ9uFZmipf6LF/HRj5Bgm0eb3qL/mr1smyXIS1twwOxNWndd8z0E374hiA=="],

    "lightningcss-linux-arm64-gnu": ["lightningcss-linux-arm64-gnu@1.30.2", "", { "os": "linux", "cpu": "arm64" }, "sha512-UK65WJAbwIJbiBFXpxrbTNArtfuznvxAJw4Q2ZGlU8kPeDIWEX1dg3rn2veBVUylA2Ezg89ktszWbaQnxD/e3A=="],

    "lightningcss-linux-arm64-musl": ["lightningcss-linux-arm64-musl@1.30.2", "", { "os": "linux", "cpu": "arm64" }, "sha512-5Vh9dGeblpTxWHpOx8iauV02popZDsCYMPIgiuw97OJ5uaDsL86cnqSFs5LZkG3ghHoX5isLgWzMs+eD1YzrnA=="],

    "lightningcss-linux-x64-gnu": ["lightningcss-linux-x64-gnu@1.30.2", "", { "os": "linux", "cpu": "x64" }, "sha512-Cfd46gdmj1vQ+lR6VRTTadNHu6ALuw2pKR9lYq4FnhvgBc4zWY1EtZcAc6EffShbb1MFrIPfLDXD6Xprbnni4w=="],

    "lightningcss-linux-x64-musl": ["lightningcss-linux-x64-musl@1.30.2", "", { "os": "linux", "cpu": "x64" }, "sha512-XJaLUUFXb6/QG2lGIW6aIk6jKdtjtcffUT0NKvIqhSBY3hh9Ch+1LCeH80dR9q9LBjG3ewbDjnumefsLsP6aiA=="],

    "lightningcss-win32-arm64-msvc": ["lightningcss-win32-arm64-msvc@1.30.2", "", { "os": "win32", "cpu": "arm64" }, "sha512-FZn+vaj7zLv//D/192WFFVA0RgHawIcHqLX9xuWiQt7P0PtdFEVaxgF9rjM/IRYHQXNnk61/H/gb2Ei+kUQ4xQ=="],

    "lightningcss-win32-x64-msvc": ["lightningcss-win32-x64-msvc@1.30.2", "", { "os": "win32", "cpu": "x64" }, "sha512-5g1yc73p+iAkid5phb4oVFMB45417DkRevRbt/El/gKXJk4jid+vPFF/AXbxn05Aky8PapwzZrdJShv5C0avjw=="],

    "loose-envify": ["loose-envify@1.4.0", "", { "dependencies": { "js-tokens": "^3.0.0 || ^4.0.0" }, "bin": { "loose-envify": "cli.js" } }, "sha512-lyuxPGr/Wfhrlem2CL/UcnUc1zcqKAImBDzukY7Y5F/yQiNdko6+fRLevlw1HgMySw7f611UIY408EtxRSoK3Q=="],

    "memoirist": ["memoirist@0.4.0", "", {}, "sha512-zxTgA0mSYELa66DimuNQDvyLq36AwDlTuVRbnQtB+VuTcKWm5Qc4z3WkSpgsFWHNhexqkIooqpv4hdcqrX5Nmg=="],

    "ms": ["ms@2.1.3", "", {}, "sha512-6FlzubTLZG3J2a/NVCAleEhjzq5oxgHyaCU9yYXvcLsvoVaHJq/s5xXI6/XXP6tz7R9xAOtHnSO/tXtF3WRTlA=="],

    "openapi-types": ["openapi-types@12.1.3", "", {}, "sha512-N4YtSYJqghVu4iek2ZUvcN/0aqH1kRDuNqzcycDxhOUpg7GdvLa2F3DgS6yBNhInhv2r/6I0Flkn7CqL8+nIcw=="],

    "react": ["react@18.3.1", "", { "dependencies": { "loose-envify": "^1.1.0" } }, "sha512-wS+hAgJShR0KhEvPJArfuPVN1+Hz1t0Y6n5jLrGQbkb4urgPE/0Rve+1kMB1v/oWgHgm4WIcV+i7F2pTVj+2iQ=="],

    "react-dom": ["react-dom@18.3.1", "", { "dependencies": { "loose-envify": "^1.1.0", "scheduler": "^0.23.2" }, "peerDependencies": { "react": "^18.3.1" } }, "sha512-5m4nQKp+rZRb09LNH59GM4BxTh9251/ylbKIbpe7TpGxfJ+9kv6BLkLBXIjjspbgbnIBNqlI23tRnTWT0snUIw=="],

    "scheduler": ["scheduler@0.23.2", "", { "dependencies": { "loose-envify": "^1.1.0" } }, "sha512-UOShsPwz7NrMUqhR6t0hWjFduvOzbtv7toDH1/hIrfRNIDBnnBWd0CwJTGvTpngVlmwGCdP9/Zl/tVrDqcuYzQ=="],

    "strtok3": ["strtok3@10.3.4", "", { "dependencies": { "@tokenizer/token": "^0.3.0" } }, "sha512-KIy5nylvC5le1OdaaoCJ07L+8iQzJHGH6pWDuzS+d07Cu7n1MZ2x26P8ZKIWfbK02+XIL8Mp4RkWeqdUCrDMfg=="],

    "token-types": ["token-types@6.1.1", "", { "dependencies": { "@borewit/text-codec": "^0.1.0", "@tokenizer/token": "^0.3.0", "ieee754": "^1.2.1" } }, "sha512-kh9LVIWH5CnL63Ipf0jhlBIy0UsrMj/NJDfpsy1SqOXlLKEVyXXYrnFxFT1yOOYVGBSApeVnjPw/sBz5BfEjAQ=="],

    "uint8array-extras": ["uint8array-extras@1.5.0", "", {}, "sha512-rvKSBiC5zqCCiDZ9kAOszZcDvdAHwwIKJG33Ykj43OKcWsnmcBRL09YTU4nOeHZ8Y2a7l1MgTd08SBe9A8Qj6A=="],
  }
}
